$begin 'ConnectionParameters'
	DesktopProcessID=5512
	DesktopProcessPath='C:\\Program Files\\AnsysEM\\v241\\Win64\\ansysedt.exe'
	LaunchedByWB=false
	GRPCPort=50051
	$begin 'DesktopStubBlock'
		$begin 'CommDetails'
			TransportType=1
			IPAddress='10.132.148.64'
			ListenPort='63030'
		$end 'CommDetails'
		$begin 'Marshall'
			InstanceID=503
			ProcID=5512
			InterfaceID=1
			FactoryIntID='DesktopInterfaceForWBProxyStubFactory'
		$end 'Marshall'
	$end 'DesktopStubBlock'
	$begin 'DesktopBackgroundObjStubBlock'
		$begin 'CommDetails'
			TransportType=1
			IPAddress='10.132.148.64'
			ListenPort='63030'
		$end 'CommDetails'
		$begin 'Marshall'
			InstanceID=505
			ProcID=5512
			InterfaceID=2
			FactoryIntID='DesktopInterfaceForWBProxyStubFactory'
		$end 'Marshall'
	$end 'DesktopBackgroundObjStubBlock'
	$begin 'WebClientBlock'
		Url='http://BernardEssel:12790/?server=BernardEssel:12534&startTab=monitor/graph'
	$end 'WebClientBlock'
$end 'ConnectionParameters'
